
Microsoft Visual Studio Solution File, Format Version 12.00
# Visual Studio Version 16
VisualStudioVersion = 16.0.31025.194
MinimumVisualStudioVersion = 10.0.40219.1
Project("{FAE04EC0-301F-11D3-BF4B-00C04F79EFBC}") = "Destroy Azure", "Destroy Azure\Destroy Azure.csproj", "{F47313BF-F100-47FF-A33A-676F71141ECE}"
EndProject
Global
	GlobalSection(SolutionConfigurationPlatforms) = preSolution
		Debug|Any CPU = Debug|Any CPU
		Release|Any CPU = Release|Any CPU
	EndGlobalSection
	GlobalSection(ProjectConfigurationPlatforms) = postSolution
		{F47313BF-F100-47FF-A33A-676F71141ECE}.Debug|Any CPU.ActiveCfg = Debug|Any CPU
		{F47313BF-F100-47FF-A33A-676F71141ECE}.Debug|Any CPU.Build.0 = Debug|Any CPU
		{F47313BF-F100-47FF-A33A-676F71141ECE}.Release|Any CPU.ActiveCfg = Release|Any CPU
		{F47313BF-F100-47FF-A33A-676F71141ECE}.Release|Any CPU.Build.0 = Release|Any CPU
	EndGlobalSection
	GlobalSection(SolutionProperties) = preSolution
		HideSolutionNode = FALSE
	EndGlobalSection
	GlobalSection(ExtensibilityGlobals) = postSolution
		SolutionGuid = {EA23E290-FE10-40A9-B0A0-796CC089DFDA}
	EndGlobalSection
EndGlobal
